
Microsoft Visual Studio Solution File, Format Version 12.00
Project("{FAE04EC0-301F-11D3-BF4B-00C04F79EFBC}") = "TopGear", "TopGear\TopGear.csproj", "{10CA1A56-77BC-493C-9268-BA2D9E2DF692}"
EndProject
Project("{FAE04EC0-301F-11D3-BF4B-00C04F79EFBC}") = "TopGearTests", "TopGearTests\TopGearTests.csproj", "{F8F301FF-0295-4B90-B476-339235B84217}"
EndProject
Global
	GlobalSection(SolutionConfigurationPlatforms) = preSolution
		Debug|Any CPU = Debug|Any CPU
		Release|Any CPU = Release|Any CPU
	EndGlobalSection
	GlobalSection(ProjectConfigurationPlatforms) = postSolution
		{10CA1A56-77BC-493C-9268-BA2D9E2DF692}.Debug|Any CPU.ActiveCfg = Debug|Any CPU
		{10CA1A56-77BC-493C-9268-BA2D9E2DF692}.Debug|Any CPU.Build.0 = Debug|Any CPU
		{10CA1A56-77BC-493C-9268-BA2D9E2DF692}.Release|Any CPU.ActiveCfg = Release|Any CPU
		{10CA1A56-77BC-493C-9268-BA2D9E2DF692}.Release|Any CPU.Build.0 = Release|Any CPU
		{F8F301FF-0295-4B90-B476-339235B84217}.Debug|Any CPU.ActiveCfg = Debug|Any CPU
		{F8F301FF-0295-4B90-B476-339235B84217}.Debug|Any CPU.Build.0 = Debug|Any CPU
		{F8F301FF-0295-4B90-B476-339235B84217}.Release|Any CPU.ActiveCfg = Release|Any CPU
		{F8F301FF-0295-4B90-B476-339235B84217}.Release|Any CPU.Build.0 = Release|Any CPU
	EndGlobalSection
EndGlobal
